# This file is automatically @generated by Cargo.
# It is not intended for manual editing.
version = 4

[[package]]
name = "bs58"
version = "0.5.1"
source = "registry+https://github.com/rust-lang/crates.io-index"
checksum = "bf88ba1141d185c399bee5288d850d63b8369520c1eafc32a0430b5b6c287bf4"
dependencies = [
 "tinyvec",
]

[[package]]
name = "five8_const"
version = "0.1.4"
source = "registry+https://github.com/rust-lang/crates.io-index"
checksum = "26dec3da8bc3ef08f2c04f61eab298c3ab334523e55f076354d6d6f613799a7b"
dependencies = [
 "five8_core",
]

[[package]]
name = "five8_core"
version = "0.1.2"
source = "registry+https://github.com/rust-lang/crates.io-index"
checksum = "2551bf44bc5f776c15044b9b94153a00198be06743e262afaaa61f11ac7523a5"

[[package]]
name = "pinocchio"
version = "0.8.4"
source = "registry+https://github.com/rust-lang/crates.io-index"
checksum = "7c33b58567c11b07749cefbb8320ac023f3387c57807aeb8e3b1262501b6e9f0"

[[package]]
name = "pinocchio-pubkey"
version = "0.2.4"
source = "registry+https://github.com/rust-lang/crates.io-index"
checksum = "0c6b20fcebc172c3cd3f54114b0241b48fa8e30893ced2eb4927aaba5e3a0ba5"
dependencies = [
 "five8_const",
 "pinocchio",
]

[[package]]
name = "putils"
version = "0.0.10"
dependencies = [
 "bs58",
 "pinocchio",
 "pinocchio-pubkey",
]

[[package]]
name = "tinyvec"
version = "1.9.0"
source = "registry+https://github.com/rust-lang/crates.io-index"
checksum = "09b3661f17e86524eccd4371ab0429194e0d7c008abb45f7a7495b1719463c71"
dependencies = [
 "tinyvec_macros",
]

[[package]]
name = "tinyvec_macros"
version = "0.1.1"
source = "registry+https://github.com/rust-lang/crates.io-index"
checksum = "1f3ccbac311fea05f86f61904b462b55fb3df8837a366dfc601a0161d0532f20"
